
Microsoft Visual Studio Solution File, Format Version 12.00
# Visual Studio Version 17
VisualStudioVersion = 17.4.33205.214
MinimumVisualStudioVersion = 10.0.40219.1
Project("{FAE04EC0-301F-11D3-BF4B-00C04F79EFBC}") = "EsempioGIT", "EsempioGIT\EsempioGIT.csproj", "{3344EA2C-71F3-4F2C-AA0B-0BB37B86B42B}"
EndProject
Global
	GlobalSection(SolutionConfigurationPlatforms) = preSolution
		Debug|Any CPU = Debug|Any CPU
		Release|Any CPU = Release|Any CPU
	EndGlobalSection
	GlobalSection(ProjectConfigurationPlatforms) = postSolution
		{3344EA2C-71F3-4F2C-AA0B-0BB37B86B42B}.Debug|Any CPU.ActiveCfg = Debug|Any CPU
		{3344EA2C-71F3-4F2C-AA0B-0BB37B86B42B}.Debug|Any CPU.Build.0 = Debug|Any CPU
		{3344EA2C-71F3-4F2C-AA0B-0BB37B86B42B}.Release|Any CPU.ActiveCfg = Release|Any CPU
		{3344EA2C-71F3-4F2C-AA0B-0BB37B86B42B}.Release|Any CPU.Build.0 = Release|Any CPU
	EndGlobalSection
	GlobalSection(SolutionProperties) = preSolution
		HideSolutionNode = FALSE
	EndGlobalSection
	GlobalSection(ExtensibilityGlobals) = postSolution
		SolutionGuid = {BAB92E26-7DDF-45E6-83E0-4F43F7D830F9}
	EndGlobalSection
EndGlobal
